
Microsoft Visual Studio Solution File, Format Version 12.00
# Visual Studio 2013
VisualStudioVersion = 12.0.40629.0
MinimumVisualStudioVersion = 10.0.40219.1
Project("{FAE04EC0-301F-11D3-BF4B-00C04F79EFBC}") = "FireGiantTutorial_1_v2", "FireGiantTutorial_1_v2\FireGiantTutorial_1_v2.csproj", "{EC186C11-6CC2-4BA0-8807-E96F1082F4AA}"
EndProject
Project("{930C7802-8A8C-48F9-8165-68863BCCD9DD}") = "FireGiantSetup1", "FireGiantSetup1\FireGiantSetup1.wixproj", "{E5C06689-BBFB-481E-8D20-B6695B0DACCB}"
EndProject
Project("{FAE04EC0-301F-11D3-BF4B-00C04F79EFBC}") = "Helper", "Helper\Helper.csproj", "{33C48FB5-A14B-4900-85E3-45BF354EEA0D}"
EndProject
Global
	GlobalSection(SolutionConfigurationPlatforms) = preSolution
		Debug|Any CPU = Debug|Any CPU
		Debug|Mixed Platforms = Debug|Mixed Platforms
		Debug|x86 = Debug|x86
		Release|Any CPU = Release|Any CPU
		Release|Mixed Platforms = Release|Mixed Platforms
		Release|x86 = Release|x86
	EndGlobalSection
	GlobalSection(ProjectConfigurationPlatforms) = postSolution
		{EC186C11-6CC2-4BA0-8807-E96F1082F4AA}.Debug|Any CPU.ActiveCfg = Debug|Any CPU
		{EC186C11-6CC2-4BA0-8807-E96F1082F4AA}.Debug|Any CPU.Build.0 = Debug|Any CPU
		{EC186C11-6CC2-4BA0-8807-E96F1082F4AA}.Debug|Mixed Platforms.ActiveCfg = Debug|Any CPU
		{EC186C11-6CC2-4BA0-8807-E96F1082F4AA}.Debug|Mixed Platforms.Build.0 = Debug|Any CPU
		{EC186C11-6CC2-4BA0-8807-E96F1082F4AA}.Debug|x86.ActiveCfg = Debug|Any CPU
		{EC186C11-6CC2-4BA0-8807-E96F1082F4AA}.Release|Any CPU.ActiveCfg = Release|Any CPU
		{EC186C11-6CC2-4BA0-8807-E96F1082F4AA}.Release|Any CPU.Build.0 = Release|Any CPU
		{EC186C11-6CC2-4BA0-8807-E96F1082F4AA}.Release|Mixed Platforms.ActiveCfg = Release|Any CPU
		{EC186C11-6CC2-4BA0-8807-E96F1082F4AA}.Release|Mixed Platforms.Build.0 = Release|Any CPU
		{EC186C11-6CC2-4BA0-8807-E96F1082F4AA}.Release|x86.ActiveCfg = Release|Any CPU
		{E5C06689-BBFB-481E-8D20-B6695B0DACCB}.Debug|Any CPU.ActiveCfg = Debug|x86
		{E5C06689-BBFB-481E-8D20-B6695B0DACCB}.Debug|Mixed Platforms.ActiveCfg = Debug|x86
		{E5C06689-BBFB-481E-8D20-B6695B0DACCB}.Debug|Mixed Platforms.Build.0 = Debug|x86
		{E5C06689-BBFB-481E-8D20-B6695B0DACCB}.Debug|x86.ActiveCfg = Debug|x86
		{E5C06689-BBFB-481E-8D20-B6695B0DACCB}.Debug|x86.Build.0 = Debug|x86
		{E5C06689-BBFB-481E-8D20-B6695B0DACCB}.Release|Any CPU.ActiveCfg = Release|x86
		{E5C06689-BBFB-481E-8D20-B6695B0DACCB}.Release|Mixed Platforms.ActiveCfg = Release|x86
		{E5C06689-BBFB-481E-8D20-B6695B0DACCB}.Release|Mixed Platforms.Build.0 = Release|x86
		{E5C06689-BBFB-481E-8D20-B6695B0DACCB}.Release|x86.ActiveCfg = Release|x86
		{E5C06689-BBFB-481E-8D20-B6695B0DACCB}.Release|x86.Build.0 = Release|x86
		{33C48FB5-A14B-4900-85E3-45BF354EEA0D}.Debug|Any CPU.ActiveCfg = Debug|Any CPU
		{33C48FB5-A14B-4900-85E3-45BF354EEA0D}.Debug|Any CPU.Build.0 = Debug|Any CPU
		{33C48FB5-A14B-4900-85E3-45BF354EEA0D}.Debug|Mixed Platforms.ActiveCfg = Debug|Any CPU
		{33C48FB5-A14B-4900-85E3-45BF354EEA0D}.Debug|Mixed Platforms.Build.0 = Debug|Any CPU
		{33C48FB5-A14B-4900-85E3-45BF354EEA0D}.Debug|x86.ActiveCfg = Debug|Any CPU
		{33C48FB5-A14B-4900-85E3-45BF354EEA0D}.Release|Any CPU.ActiveCfg = Release|Any CPU
		{33C48FB5-A14B-4900-85E3-45BF354EEA0D}.Release|Any CPU.Build.0 = Release|Any CPU
		{33C48FB5-A14B-4900-85E3-45BF354EEA0D}.Release|Mixed Platforms.ActiveCfg = Release|Any CPU
		{33C48FB5-A14B-4900-85E3-45BF354EEA0D}.Release|Mixed Platforms.Build.0 = Release|Any CPU
		{33C48FB5-A14B-4900-85E3-45BF354EEA0D}.Release|x86.ActiveCfg = Release|Any CPU
	EndGlobalSection
	GlobalSection(SolutionProperties) = preSolution
		HideSolutionNode = FALSE
	EndGlobalSection
EndGlobal
