
Microsoft Visual Studio Solution File, Format Version 12.00
# Visual Studio 2013
VisualStudioVersion = 12.0.40629.0
MinimumVisualStudioVersion = 10.0.40219.1
Project("{FAE04EC0-301F-11D3-BF4B-00C04F79EFBC}") = "FireGiantTutorial_2_UI", "FireGiantTutorial_2_UI\FireGiantTutorial_2_UI.csproj", "{901797EE-B2E8-49FD-A1AA-2F630111A3FC}"
EndProject
Project("{930C7802-8A8C-48F9-8165-68863BCCD9DD}") = "SetupTutorial2", "SetupTutorial2\SetupTutorial2.wixproj", "{376DE9F5-3A02-4F49-9B50-D2E6172E4F57}"
EndProject
Project("{FAE04EC0-301F-11D3-BF4B-00C04F79EFBC}") = "Helper", "Helper\Helper.csproj", "{4C30A4D8-3D07-4D9C-8F64-13A2645EED00}"
EndProject
Project("{FAE04EC0-301F-11D3-BF4B-00C04F79EFBC}") = "ValidatePIDcustomAction", "ValidatePIDcustomAction\ValidatePIDcustomAction.csproj", "{9393A681-31DB-4596-B2C4-55E13D1A70EC}"
EndProject
Global
	GlobalSection(SolutionConfigurationPlatforms) = preSolution
		Debug|Any CPU = Debug|Any CPU
		Debug|Mixed Platforms = Debug|Mixed Platforms
		Debug|x86 = Debug|x86
		Release|Any CPU = Release|Any CPU
		Release|Mixed Platforms = Release|Mixed Platforms
		Release|x86 = Release|x86
	EndGlobalSection
	GlobalSection(ProjectConfigurationPlatforms) = postSolution
		{901797EE-B2E8-49FD-A1AA-2F630111A3FC}.Debug|Any CPU.ActiveCfg = Debug|Any CPU
		{901797EE-B2E8-49FD-A1AA-2F630111A3FC}.Debug|Any CPU.Build.0 = Debug|Any CPU
		{901797EE-B2E8-49FD-A1AA-2F630111A3FC}.Debug|Mixed Platforms.ActiveCfg = Debug|Any CPU
		{901797EE-B2E8-49FD-A1AA-2F630111A3FC}.Debug|Mixed Platforms.Build.0 = Debug|Any CPU
		{901797EE-B2E8-49FD-A1AA-2F630111A3FC}.Debug|x86.ActiveCfg = Debug|Any CPU
		{901797EE-B2E8-49FD-A1AA-2F630111A3FC}.Release|Any CPU.ActiveCfg = Release|Any CPU
		{901797EE-B2E8-49FD-A1AA-2F630111A3FC}.Release|Any CPU.Build.0 = Release|Any CPU
		{901797EE-B2E8-49FD-A1AA-2F630111A3FC}.Release|Mixed Platforms.ActiveCfg = Release|Any CPU
		{901797EE-B2E8-49FD-A1AA-2F630111A3FC}.Release|Mixed Platforms.Build.0 = Release|Any CPU
		{901797EE-B2E8-49FD-A1AA-2F630111A3FC}.Release|x86.ActiveCfg = Release|Any CPU
		{376DE9F5-3A02-4F49-9B50-D2E6172E4F57}.Debug|Any CPU.ActiveCfg = Debug|x86
		{376DE9F5-3A02-4F49-9B50-D2E6172E4F57}.Debug|Mixed Platforms.ActiveCfg = Debug|x86
		{376DE9F5-3A02-4F49-9B50-D2E6172E4F57}.Debug|Mixed Platforms.Build.0 = Debug|x86
		{376DE9F5-3A02-4F49-9B50-D2E6172E4F57}.Debug|x86.ActiveCfg = Debug|x86
		{376DE9F5-3A02-4F49-9B50-D2E6172E4F57}.Debug|x86.Build.0 = Debug|x86
		{376DE9F5-3A02-4F49-9B50-D2E6172E4F57}.Release|Any CPU.ActiveCfg = Release|x86
		{376DE9F5-3A02-4F49-9B50-D2E6172E4F57}.Release|Mixed Platforms.ActiveCfg = Release|x86
		{376DE9F5-3A02-4F49-9B50-D2E6172E4F57}.Release|Mixed Platforms.Build.0 = Release|x86
		{376DE9F5-3A02-4F49-9B50-D2E6172E4F57}.Release|x86.ActiveCfg = Release|x86
		{376DE9F5-3A02-4F49-9B50-D2E6172E4F57}.Release|x86.Build.0 = Release|x86
		{4C30A4D8-3D07-4D9C-8F64-13A2645EED00}.Debug|Any CPU.ActiveCfg = Debug|Any CPU
		{4C30A4D8-3D07-4D9C-8F64-13A2645EED00}.Debug|Any CPU.Build.0 = Debug|Any CPU
		{4C30A4D8-3D07-4D9C-8F64-13A2645EED00}.Debug|Mixed Platforms.ActiveCfg = Debug|Any CPU
		{4C30A4D8-3D07-4D9C-8F64-13A2645EED00}.Debug|Mixed Platforms.Build.0 = Debug|Any CPU
		{4C30A4D8-3D07-4D9C-8F64-13A2645EED00}.Debug|x86.ActiveCfg = Debug|Any CPU
		{4C30A4D8-3D07-4D9C-8F64-13A2645EED00}.Release|Any CPU.ActiveCfg = Release|Any CPU
		{4C30A4D8-3D07-4D9C-8F64-13A2645EED00}.Release|Any CPU.Build.0 = Release|Any CPU
		{4C30A4D8-3D07-4D9C-8F64-13A2645EED00}.Release|Mixed Platforms.ActiveCfg = Release|Any CPU
		{4C30A4D8-3D07-4D9C-8F64-13A2645EED00}.Release|Mixed Platforms.Build.0 = Release|Any CPU
		{4C30A4D8-3D07-4D9C-8F64-13A2645EED00}.Release|x86.ActiveCfg = Release|Any CPU
		{9393A681-31DB-4596-B2C4-55E13D1A70EC}.Debug|Any CPU.ActiveCfg = Debug|x86
		{9393A681-31DB-4596-B2C4-55E13D1A70EC}.Debug|Mixed Platforms.ActiveCfg = Debug|x86
		{9393A681-31DB-4596-B2C4-55E13D1A70EC}.Debug|Mixed Platforms.Build.0 = Debug|x86
		{9393A681-31DB-4596-B2C4-55E13D1A70EC}.Debug|x86.ActiveCfg = Debug|x86
		{9393A681-31DB-4596-B2C4-55E13D1A70EC}.Debug|x86.Build.0 = Debug|x86
		{9393A681-31DB-4596-B2C4-55E13D1A70EC}.Release|Any CPU.ActiveCfg = Release|x86
		{9393A681-31DB-4596-B2C4-55E13D1A70EC}.Release|Mixed Platforms.ActiveCfg = Release|x86
		{9393A681-31DB-4596-B2C4-55E13D1A70EC}.Release|Mixed Platforms.Build.0 = Release|x86
		{9393A681-31DB-4596-B2C4-55E13D1A70EC}.Release|x86.ActiveCfg = Release|x86
		{9393A681-31DB-4596-B2C4-55E13D1A70EC}.Release|x86.Build.0 = Release|x86
	EndGlobalSection
	GlobalSection(SolutionProperties) = preSolution
		HideSolutionNode = FALSE
	EndGlobalSection
EndGlobal
